// !$*UTF8*$!
{
	archiveVersion = 1;
	classes = {
	};
	objectVersion = 55;
	objects = {

/* Begin PBXBuildFile section */
		27E16BEB283385A60051143A /* ViewController.swift in Sources */ = {isa = PBXBuildFile; fileRef = 27E16BEA283385A60051143A /* ViewController.swift */; };
		27E16BED283385DD0051143A /* NewsTableViewCell.swift in Sources */ = {isa = PBXBuildFile; fileRef = 27E16BEC283385DD0051143A /* NewsTableViewCell.swift */; };
		27E9D8FA2833695F008FFD37 /* APICaller.swift in Sources */ = {isa = PBXBuildFile; fileRef = 27E9D8F92833695F008FFD37 /* APICaller.swift */; };
		40C2B1C12825EE7700CBA180 /* AppDelegate.swift in Sources */ = {isa = PBXBuildFile; fileRef = 40C2B1C02825EE7700CBA180 /* AppDelegate.swift */; };
		40C2B1C32825EE7700CBA180 /* SceneDelegate.swift in Sources */ = {isa = PBXBuildFile; fileRef = 40C2B1C22825EE7700CBA180 /* SceneDelegate.swift */; };
		40C2B1C82825EE7700CBA180 /* Main.storyboard in Resources */ = {isa = PBXBuildFile; fileRef = 40C2B1C62825EE7700CBA180 /* Main.storyboard */; };
		40C2B1CB2825EE7700CBA180 /* Journal.xcdatamodeld in Sources */ = {isa = PBXBuildFile; fileRef = 40C2B1C92825EE7700CBA180 /* Journal.xcdatamodeld */; };
		40C2B1CD2825EE7A00CBA180 /* Assets.xcassets in Resources */ = {isa = PBXBuildFile; fileRef = 40C2B1CC2825EE7A00CBA180 /* Assets.xcassets */; };
		40C2B1D02825EE7A00CBA180 /* LaunchScreen.storyboard in Resources */ = {isa = PBXBuildFile; fileRef = 40C2B1CE2825EE7A00CBA180 /* LaunchScreen.storyboard */; };
		40C2B1D8282601C900CBA180 /* EntryViewController.swift in Sources */ = {isa = PBXBuildFile; fileRef = 40C2B1D7282601C900CBA180 /* EntryViewController.swift */; };
		40C2B1DA2826028E00CBA180 /* JournalViewController.swift in Sources */ = {isa = PBXBuildFile; fileRef = 40C2B1D92826028E00CBA180 /* JournalViewController.swift */; };
		40C2B1DF2826E8B200CBA180 /* EntryClass.swift in Sources */ = {isa = PBXBuildFile; fileRef = 40C2B1DD2826E8B200CBA180 /* EntryClass.swift */; };
		40C2B1E02826E8B200CBA180 /* EntryProperties.swift in Sources */ = {isa = PBXBuildFile; fileRef = 40C2B1DE2826E8B200CBA180 /* EntryProperties.swift */; };
/* End PBXBuildFile section */

/* Begin PBXFileReference section */
		27E16BEA283385A60051143A /* ViewController.swift */ = {isa = PBXFileReference; lastKnownFileType = sourcecode.swift; path = ViewController.swift; sourceTree = "<group>"; };
		27E16BEC283385DD0051143A /* NewsTableViewCell.swift */ = {isa = PBXFileReference; lastKnownFileType = sourcecode.swift; path = NewsTableViewCell.swift; sourceTree = "<group>"; };
		27E9D8F92833695F008FFD37 /* APICaller.swift */ = {isa = PBXFileReference; lastKnownFileType = sourcecode.swift; path = APICaller.swift; sourceTree = "<group>"; };
		40C2B1BD2825EE7700CBA180 /* uts_ios_a3.app */ = {isa = PBXFileReference; explicitFileType = wrapper.application; includeInIndex = 0; path = uts_ios_a3.app; sourceTree = BUILT_PRODUCTS_DIR; };
		40C2B1C02825EE7700CBA180 /* AppDelegate.swift */ = {isa = PBXFileReference; lastKnownFileType = sourcecode.swift; path = AppDelegate.swift; sourceTree = "<group>"; };
		40C2B1C22825EE7700CBA180 /* SceneDelegate.swift */ = {isa = PBXFileReference; lastKnownFileType = sourcecode.swift; path = SceneDelegate.swift; sourceTree = "<group>"; };
		40C2B1C72825EE7700CBA180 /* Base */ = {isa = PBXFileReference; lastKnownFileType = file.storyboard; name = Base; path = Base.lproj/Main.storyboard; sourceTree = "<group>"; };
		40C2B1CA2825EE7700CBA180 /* Journal.xcdatamodel */ = {isa = PBXFileReference; lastKnownFileType = wrapper.xcdatamodel; path = Journal.xcdatamodel; sourceTree = "<group>"; };
		40C2B1CC2825EE7A00CBA180 /* Assets.xcassets */ = {isa = PBXFileReference; lastKnownFileType = folder.assetcatalog; path = Assets.xcassets; sourceTree = "<group>"; };
		40C2B1CF2825EE7A00CBA180 /* Base */ = {isa = PBXFileReference; lastKnownFileType = file.storyboard; name = Base; path = Base.lproj/LaunchScreen.storyboard; sourceTree = "<group>"; };
		40C2B1D12825EE7A00CBA180 /* Info.plist */ = {isa = PBXFileReference; lastKnownFileType = text.plist.xml; path = Info.plist; sourceTree = "<group>"; };
		40C2B1D7282601C900CBA180 /* EntryViewController.swift */ = {isa = PBXFileReference; lastKnownFileType = sourcecode.swift; path = EntryViewController.swift; sourceTree = "<group>"; };
		40C2B1D92826028E00CBA180 /* JournalViewController.swift */ = {isa = PBXFileReference; lastKnownFileType = sourcecode.swift; path = JournalViewController.swift; sourceTree = "<group>"; };
		40C2B1DD2826E8B200CBA180 /* EntryClass.swift */ = {isa = PBXFileReference; lastKnownFileType = sourcecode.swift; path = EntryClass.swift; sourceTree = "<group>"; };
		40C2B1DE2826E8B200CBA180 /* EntryProperties.swift */ = {isa = PBXFileReference; lastKnownFileType = sourcecode.swift; path = EntryProperties.swift; sourceTree = "<group>"; };
/* End PBXFileReference section */

/* Begin PBXFrameworksBuildPhase section */
		40C2B1BA2825EE7700CBA180 /* Frameworks */ = {
			isa = PBXFrameworksBuildPhase;
			buildActionMask = 2147483647;
			files = (
			);
			runOnlyForDeploymentPostprocessing = 0;
		};
/* End PBXFrameworksBuildPhase section */

/* Begin PBXGroup section */
		27E9D8F42833675B008FFD37 /* Controller */ = {
			isa = PBXGroup;
			children = (
				40C2B1D7282601C900CBA180 /* EntryViewController.swift */,
				27E16BEA283385A60051143A /* ViewController.swift */,
				27E16BEC283385DD0051143A /* NewsTableViewCell.swift */,
				40C2B1D92826028E00CBA180 /* JournalViewController.swift */,
			);
			path = Controller;
			sourceTree = "<group>";
		};
		27E9D8F52833676B008FFD37 /* Model */ = {
			isa = PBXGroup;
			children = (
				40C2B1DE2826E8B200CBA180 /* EntryProperties.swift */,
				40C2B1DD2826E8B200CBA180 /* EntryClass.swift */,
			);
			path = Model;
			sourceTree = "<group>";
		};
		27E9D8F82833692E008FFD37 /* API */ = {
			isa = PBXGroup;
			children = (
				27E9D8F92833695F008FFD37 /* APICaller.swift */,
			);
			path = API;
			sourceTree = "<group>";
		};
		40C2B1B42825EE7700CBA180 = {
			isa = PBXGroup;
			children = (
				40C2B1BF2825EE7700CBA180 /* Journal */,
				40C2B1BE2825EE7700CBA180 /* Products */,
			);
			sourceTree = "<group>";
		};
		40C2B1BE2825EE7700CBA180 /* Products */ = {
			isa = PBXGroup;
			children = (
				40C2B1BD2825EE7700CBA180 /* uts_ios_a3.app */,
			);
			name = Products;
			sourceTree = "<group>";
		};
		40C2B1BF2825EE7700CBA180 /* Journal */ = {
			isa = PBXGroup;
			children = (
				27E9D8F82833692E008FFD37 /* API */,
				27E9D8F52833676B008FFD37 /* Model */,
				27E9D8F42833675B008FFD37 /* Controller */,
				40C2B1C02825EE7700CBA180 /* AppDelegate.swift */,
				40C2B1C22825EE7700CBA180 /* SceneDelegate.swift */,
				40C2B1C62825EE7700CBA180 /* Main.storyboard */,
				40C2B1CC2825EE7A00CBA180 /* Assets.xcassets */,
				40C2B1CE2825EE7A00CBA180 /* LaunchScreen.storyboard */,
				40C2B1D12825EE7A00CBA180 /* Info.plist */,
				40C2B1C92825EE7700CBA180 /* Journal.xcdatamodeld */,
			);
			path = Journal;
			sourceTree = "<group>";
		};
/* End PBXGroup section */

/* Begin PBXNativeTarget section */
		40C2B1BC2825EE7700CBA180 /* uts_ios_a3 */ = {
			isa = PBXNativeTarget;
			buildConfigurationList = 40C2B1D42825EE7A00CBA180 /* Build configuration list for PBXNativeTarget "uts_ios_a3" */;
			buildPhases = (
				40C2B1B92825EE7700CBA180 /* Sources */,
				40C2B1BA2825EE7700CBA180 /* Frameworks */,
				40C2B1BB2825EE7700CBA180 /* Resources */,
			);
			buildRules = (
			);
			dependencies = (
			);
			name = uts_ios_a3;
			productName = Journal;
			productReference = 40C2B1BD2825EE7700CBA180 /* uts_ios_a3.app */;
			productType = "com.apple.product-type.application";
		};
/* End PBXNativeTarget section */

/* Begin PBXProject section */
		40C2B1B52825EE7700CBA180 /* Project object */ = {
			isa = PBXProject;
			attributes = {
				BuildIndependentTargetsInParallel = 1;
				LastSwiftUpdateCheck = 1320;
				LastUpgradeCheck = 1320;
				TargetAttributes = {
					40C2B1BC2825EE7700CBA180 = {
						CreatedOnToolsVersion = 13.2.1;
					};
				};
			};
			buildConfigurationList = 40C2B1B82825EE7700CBA180 /* Build configuration list for PBXProject "uts_ios_a3" */;
			compatibilityVersion = "Xcode 13.0";
			developmentRegion = en;
			hasScannedForEncodings = 0;
			knownRegions = (
				en,
				Base,
			);
			mainGroup = 40C2B1B42825EE7700CBA180;
			productRefGroup = 40C2B1BE2825EE7700CBA180 /* Products */;
			projectDirPath = "";
			projectRoot = "";
			targets = (
				40C2B1BC2825EE7700CBA180 /* uts_ios_a3 */,
			);
		};
/* End PBXProject section */

/* Begin PBXResourcesBuildPhase section */
		40C2B1BB2825EE7700CBA180 /* Resources */ = {
			isa = PBXResourcesBuildPhase;
			buildActionMask = 2147483647;
			files = (
				40C2B1D02825EE7A00CBA180 /* LaunchScreen.storyboard in Resources */,
				40C2B1CD2825EE7A00CBA180 /* Assets.xcassets in Resources */,
				40C2B1C82825EE7700CBA180 /* Main.storyboard in Resources */,
			);
			runOnlyForDeploymentPostprocessing = 0;
		};
/* End PBXResourcesBuildPhase section */

/* Begin PBXSourcesBuildPhase section */
		40C2B1B92825EE7700CBA180 /* Sources */ = {
			isa = PBXSourcesBuildPhase;
			buildActionMask = 2147483647;
			files = (
				40C2B1D8282601C900CBA180 /* EntryViewController.swift in Sources */,
				40C2B1DF2826E8B200CBA180 /* EntryClass.swift in Sources */,
				27E16BED283385DD0051143A /* NewsTableViewCell.swift in Sources */,
				40C2B1C12825EE7700CBA180 /* AppDelegate.swift in Sources */,
				27E16BEB283385A60051143A /* ViewController.swift in Sources */,
				27E9D8FA2833695F008FFD37 /* APICaller.swift in Sources */,
				40C2B1C32825EE7700CBA180 /* SceneDelegate.swift in Sources */,
				40C2B1CB2825EE7700CBA180 /* Journal.xcdatamodeld in Sources */,
				40C2B1E02826E8B200CBA180 /* EntryProperties.swift in Sources */,
				40C2B1DA2826028E00CBA180 /* JournalViewController.swift in Sources */,
			);
			runOnlyForDeploymentPostprocessing = 0;
		};
/* End PBXSourcesBuildPhase section */

/* Begin PBXVariantGroup section */
		40C2B1C62825EE7700CBA180 /* Main.storyboard */ = {
			isa = PBXVariantGroup;
			children = (
				40C2B1C72825EE7700CBA180 /* Base */,
			);
			name = Main.storyboard;
			sourceTree = "<group>";
		};
		40C2B1CE2825EE7A00CBA180 /* LaunchScreen.storyboard */ = {
			isa = PBXVariantGroup;
			children = (
				40C2B1CF2825EE7A00CBA180 /* Base */,
			);
			name = LaunchScreen.storyboard;
			sourceTree = "<group>";
		};
/* End PBXVariantGroup section */

/* Begin XCBuildConfiguration section */
		40C2B1D22825EE7A00CBA180 /* Debug */ = {
			isa = XCBuildConfiguration;
			buildSettings = {
				ALWAYS_SEARCH_USER_PATHS = NO;
				CLANG_ANALYZER_NONNULL = YES;
				CLANG_ANALYZER_NUMBER_OBJECT_CONVERSION = YES_AGGRESSIVE;
				CLANG_CXX_LANGUAGE_STANDARD = "gnu++17";
				CLANG_CXX_LIBRARY = "libc++";
				CLANG_ENABLE_MODULES = YES;
				CLANG_ENABLE_OBJC_ARC = YES;
				CLANG_ENABLE_OBJC_WEAK = YES;
				CLANG_WARN_BLOCK_CAPTURE_AUTORELEASING = YES;
				CLANG_WARN_BOOL_CONVERSION = YES;
				CLANG_WARN_COMMA = YES;
				CLANG_WARN_CONSTANT_CONVERSION = YES;
				CLANG_WARN_DEPRECATED_OBJC_IMPLEMENTATIONS = YES;
				CLANG_WARN_DIRECT_OBJC_ISA_USAGE = YES_ERROR;
				CLANG_WARN_DOCUMENTATION_COMMENTS = YES;
				CLANG_WARN_EMPTY_BODY = YES;
				CLANG_WARN_ENUM_CONVERSION = YES;
				CLANG_WARN_INFINITE_RECURSION = YES;
				CLANG_WARN_INT_CONVERSION = YES;
				CLANG_WARN_NON_LITERAL_NULL_CONVERSION = YES;
				CLANG_WARN_OBJC_IMPLICIT_RETAIN_SELF = YES;
				CLANG_WARN_OBJC_LITERAL_CONVERSION = YES;
				CLANG_WARN_OBJC_ROOT_CLASS = YES_ERROR;
				CLANG_WARN_QUOTED_INCLUDE_IN_FRAMEWORK_HEADER = YES;
				CLANG_WARN_RANGE_LOOP_ANALYSIS = YES;
				CLANG_WARN_STRICT_PROTOTYPES = YES;
				CLANG_WARN_SUSPICIOUS_MOVE = YES;
				CLANG_WARN_UNGUARDED_AVAILABILITY = YES_AGGRESSIVE;
				CLANG_WARN_UNREACHABLE_CODE = YES;
				CLANG_WARN__DUPLICATE_METHOD_MATCH = YES;
				COPY_PHASE_STRIP = NO;
				DEBUG_INFORMATION_FORMAT = dwarf;
				ENABLE_STRICT_OBJC_MSGSEND = YES;
				ENABLE_TESTABILITY = YES;
				GCC_C_LANGUAGE_STANDARD = gnu11;
				GCC_DYNAMIC_NO_PIC = NO;
				GCC_NO_COMMON_BLOCKS = YES;
				GCC_OPTIMIZATION_LEVEL = 0;
				GCC_PREPROCESSOR_DEFINITIONS = (
					"DEBUG=1",
					"$(inherited)",
				);
				GCC_WARN_64_TO_32_BIT_CONVERSION = YES;
				GCC_WARN_ABOUT_RETURN_TYPE = YES_ERROR;
				GCC_WARN_UNDECLARED_SELECTOR = YES;
				GCC_WARN_UNINITIALIZED_AUTOS = YES_AGGRESSIVE;
				GCC_WARN_UNUSED_FUNCTION = YES;
				GCC_WARN_UNUSED_VARIABLE = YES;
				IPHONEOS_DEPLOYMENT_TARGET = 15.2;
				MTL_ENABLE_DEBUG_INFO = INCLUDE_SOURCE;
				MTL_FAST_MATH = YES;
				ONLY_ACTIVE_ARCH = YES;
				SDKROOT = iphoneos;
				SWIFT_ACTIVE_COMPILATION_CONDITIONS = DEBUG;
				SWIFT_OPTIMIZATION_LEVEL = "-Onone";
			};
			name = Debug;
		};
		40C2B1D32825EE7A00CBA180 /* Release */ = {
			isa = XCBuildConfiguration;
			buildSettings = {
				ALWAYS_SEARCH_USER_PATHS = NO;
				CLANG_ANALYZER_NONNULL = YES;
				CLANG_ANALYZER_NUMBER_OBJECT_CONVERSION = YES_AGGRESSIVE;
				CLANG_CXX_LANGUAGE_STANDARD = "gnu++17";
				CLANG_CXX_LIBRARY = "libc++";
				CLANG_ENABLE_MODULES = YES;
				CLANG_ENABLE_OBJC_ARC = YES;
				CLANG_ENABLE_OBJC_WEAK = YES;
				CLANG_WARN_BLOCK_CAPTURE_AUTORELEASING = YES;
				CLANG_WARN_BOOL_CONVERSION = YES;
				CLANG_WARN_COMMA = YES;
				CLANG_WARN_CONSTANT_CONVERSION = YES;
				CLANG_WARN_DEPRECATED_OBJC_IMPLEMENTATIONS = YES;
				CLANG_WARN_DIRECT_OBJC_ISA_USAGE = YES_ERROR;
				CLANG_WARN_DOCUMENTATION_COMMENTS = YES;
				CLANG_WARN_EMPTY_BODY = YES;
				CLANG_WARN_ENUM_CONVERSION = YES;
				CLANG_WARN_INFINITE_RECURSION = YES;
				CLANG_WARN_INT_CONVERSION = YES;
				CLANG_WARN_NON_LITERAL_NULL_CONVERSION = YES;
				CLANG_WARN_OBJC_IMPLICIT_RETAIN_SELF = YES;
				CLANG_WARN_OBJC_LITERAL_CONVERSION = YES;
				CLANG_WARN_OBJC_ROOT_CLASS = YES_ERROR;
				CLANG_WARN_QUOTED_INCLUDE_IN_FRAMEWORK_HEADER = YES;
				CLANG_WARN_RANGE_LOOP_ANALYSIS = YES;
				CLANG_WARN_STRICT_PROTOTYPES = YES;
				CLANG_WARN_SUSPICIOUS_MOVE = YES;
				CLANG_WARN_UNGUARDED_AVAILABILITY = YES_AGGRESSIVE;
				CLANG_WARN_UNREACHABLE_CODE = YES;
				CLANG_WARN__DUPLICATE_METHOD_MATCH = YES;
				COPY_PHASE_STRIP = NO;
				DEBUG_INFORMATION_FORMAT = "dwarf-with-dsym";
				ENABLE_NS_ASSERTIONS = NO;
				ENABLE_STRICT_OBJC_MSGSEND = YES;
				GCC_C_LANGUAGE_STANDARD = gnu11;
				GCC_NO_COMMON_BLOCKS = YES;
				GCC_WARN_64_TO_32_BIT_CONVERSION = YES;
				GCC_WARN_ABOUT_RETURN_TYPE = YES_ERROR;
				GCC_WARN_UNDECLARED_SELECTOR = YES;
				GCC_WARN_UNINITIALIZED_AUTOS = YES_AGGRESSIVE;
				GCC_WARN_UNUSED_FUNCTION = YES;
				GCC_WARN_UNUSED_VARIABLE = YES;
				IPHONEOS_DEPLOYMENT_TARGET = 15.2;
				MTL_ENABLE_DEBUG_INFO = NO;
				MTL_FAST_MATH = YES;
				SDKROOT = iphoneos;
				SWIFT_COMPILATION_MODE = wholemodule;
				SWIFT_OPTIMIZATION_LEVEL = "-O";
				VALIDATE_PRODUCT = YES;
			};
			name = Release;
		};
		40C2B1D52825EE7A00CBA180 /* Debug */ = {
			isa = XCBuildConfiguration;
			buildSettings = {
				ASSETCATALOG_COMPILER_APPICON_NAME = AppIcon;
				ASSETCATALOG_COMPILER_GLOBAL_ACCENT_COLOR_NAME = AccentColor;
				CODE_SIGN_STYLE = Automatic;
				CURRENT_PROJECT_VERSION = 1;
				GENERATE_INFOPLIST_FILE = YES;
				INFOPLIST_FILE = Journal/Info.plist;
				INFOPLIST_KEY_UIApplicationSupportsIndirectInputEvents = YES;
				INFOPLIST_KEY_UILaunchStoryboardName = LaunchScreen;
				INFOPLIST_KEY_UIMainStoryboardFile = Main;
				INFOPLIST_KEY_UISupportedInterfaceOrientations_iPad = "UIInterfaceOrientationPortrait UIInterfaceOrientationPortraitUpsideDown UIInterfaceOrientationLandscapeLeft UIInterfaceOrientationLandscapeRight";
				INFOPLIST_KEY_UISupportedInterfaceOrientations_iPhone = "UIInterfaceOrientationPortrait UIInterfaceOrientationLandscapeLeft UIInterfaceOrientationLandscapeRight";
				LD_RUNPATH_SEARCH_PATHS = (
					"$(inherited)",
					"@executable_path/Frameworks",
				);
				MARKETING_VERSION = 1.0;
				PRODUCT_BUNDLE_IDENTIFIER = uts.as3;
				PRODUCT_NAME = "$(TARGET_NAME)";
				SWIFT_EMIT_LOC_STRINGS = YES;
				SWIFT_VERSION = 5.0;
				TARGETED_DEVICE_FAMILY = "1,2";
			};
			name = Debug;
		};
		40C2B1D62825EE7A00CBA180 /* Release */ = {
			isa = XCBuildConfiguration;
			buildSettings = {
				ASSETCATALOG_COMPILER_APPICON_NAME = AppIcon;
				ASSETCATALOG_COMPILER_GLOBAL_ACCENT_COLOR_NAME = AccentColor;
				CODE_SIGN_STYLE = Automatic;
				CURRENT_PROJECT_VERSION = 1;
				GENERATE_INFOPLIST_FILE = YES;
				INFOPLIST_FILE = Journal/Info.plist;
				INFOPLIST_KEY_UIApplicationSupportsIndirectInputEvents = YES;
				INFOPLIST_KEY_UILaunchStoryboardName = LaunchScreen;
				INFOPLIST_KEY_UIMainStoryboardFile = Main;
				INFOPLIST_KEY_UISupportedInterfaceOrientations_iPad = "UIInterfaceOrientationPortrait UIInterfaceOrientationPortraitUpsideDown UIInterfaceOrientationLandscapeLeft UIInterfaceOrientationLandscapeRight";
				INFOPLIST_KEY_UISupportedInterfaceOrientations_iPhone = "UIInterfaceOrientationPortrait UIInterfaceOrientationLandscapeLeft UIInterfaceOrientationLandscapeRight";
				LD_RUNPATH_SEARCH_PATHS = (
					"$(inherited)",
					"@executable_path/Frameworks",
				);
				MARKETING_VERSION = 1.0;
				PRODUCT_BUNDLE_IDENTIFIER = uts.as3;
				PRODUCT_NAME = "$(TARGET_NAME)";
				SWIFT_EMIT_LOC_STRINGS = YES;
				SWIFT_VERSION = 5.0;
				TARGETED_DEVICE_FAMILY = "1,2";
			};
			name = Release;
		};
/* End XCBuildConfiguration section */

/* Begin XCConfigurationList section */
		40C2B1B82825EE7700CBA180 /* Build configuration list for PBXProject "uts_ios_a3" */ = {
			isa = XCConfigurationList;
			buildConfigurations = (
				40C2B1D22825EE7A00CBA180 /* Debug */,
				40C2B1D32825EE7A00CBA180 /* Release */,
			);
			defaultConfigurationIsVisible = 0;
			defaultConfigurationName = Release;
		};
		40C2B1D42825EE7A00CBA180 /* Build configuration list for PBXNativeTarget "uts_ios_a3" */ = {
			isa = XCConfigurationList;
			buildConfigurations = (
				40C2B1D52825EE7A00CBA180 /* Debug */,
				40C2B1D62825EE7A00CBA180 /* Release */,
			);
			defaultConfigurationIsVisible = 0;
			defaultConfigurationName = Release;
		};
/* End XCConfigurationList section */

/* Begin XCVersionGroup section */
		40C2B1C92825EE7700CBA180 /* Journal.xcdatamodeld */ = {
			isa = XCVersionGroup;
			children = (
				40C2B1CA2825EE7700CBA180 /* Journal.xcdatamodel */,
			);
			currentVersion = 40C2B1CA2825EE7700CBA180 /* Journal.xcdatamodel */;
			path = Journal.xcdatamodeld;
			sourceTree = "<group>";
			versionGroupType = wrapper.xcdatamodel;
		};
/* End XCVersionGroup section */
	};
	rootObject = 40C2B1B52825EE7700CBA180 /* Project object */;
}
